
Microsoft Visual Studio Solution File, Format Version 11.00
# Visual C# Express 2010
Project("{FAE04EC0-301F-11D3-BF4B-00C04F79EFBC}") = "Cakewalk.Shared", "Cakewalk.Shared\Cakewalk.Shared.csproj", "{2EC8F5D6-94CC-43F4-AAC8-067A68604741}"
EndProject
Project("{FAE04EC0-301F-11D3-BF4B-00C04F79EFBC}") = "Cakewalk.Server", "Cakewalk.Server\Cakewalk.Server.csproj", "{20326E57-37AE-4D3B-90F8-2B396011F1C0}"
EndProject
Global
	GlobalSection(SolutionConfigurationPlatforms) = preSolution
		Debug|Any CPU = Debug|Any CPU
		Debug|Mixed Platforms = Debug|Mixed Platforms
		Debug|x64 = Debug|x64
		Debug|x86 = Debug|x86
		Release|Any CPU = Release|Any CPU
		Release|Mixed Platforms = Release|Mixed Platforms
		Release|x64 = Release|x64
		Release|x86 = Release|x86
	EndGlobalSection
	GlobalSection(ProjectConfigurationPlatforms) = postSolution
		{2EC8F5D6-94CC-43F4-AAC8-067A68604741}.Debug|Any CPU.ActiveCfg = Debug|Any CPU
		{2EC8F5D6-94CC-43F4-AAC8-067A68604741}.Debug|Any CPU.Build.0 = Debug|Any CPU
		{2EC8F5D6-94CC-43F4-AAC8-067A68604741}.Debug|Mixed Platforms.ActiveCfg = Debug|Any CPU
		{2EC8F5D6-94CC-43F4-AAC8-067A68604741}.Debug|Mixed Platforms.Build.0 = Debug|Any CPU
		{2EC8F5D6-94CC-43F4-AAC8-067A68604741}.Debug|x64.ActiveCfg = Debug|Any CPU
		{2EC8F5D6-94CC-43F4-AAC8-067A68604741}.Debug|x86.ActiveCfg = Debug|Any CPU
		{2EC8F5D6-94CC-43F4-AAC8-067A68604741}.Release|Any CPU.ActiveCfg = Release|Any CPU
		{2EC8F5D6-94CC-43F4-AAC8-067A68604741}.Release|Any CPU.Build.0 = Release|Any CPU
		{2EC8F5D6-94CC-43F4-AAC8-067A68604741}.Release|Mixed Platforms.ActiveCfg = Release|Any CPU
		{2EC8F5D6-94CC-43F4-AAC8-067A68604741}.Release|Mixed Platforms.Build.0 = Release|Any CPU
		{2EC8F5D6-94CC-43F4-AAC8-067A68604741}.Release|x64.ActiveCfg = Release|Any CPU
		{2EC8F5D6-94CC-43F4-AAC8-067A68604741}.Release|x86.ActiveCfg = Release|Any CPU
		{20326E57-37AE-4D3B-90F8-2B396011F1C0}.Debug|Any CPU.ActiveCfg = Debug|Any CPU
		{20326E57-37AE-4D3B-90F8-2B396011F1C0}.Debug|Any CPU.Build.0 = Debug|Any CPU
		{20326E57-37AE-4D3B-90F8-2B396011F1C0}.Debug|Mixed Platforms.ActiveCfg = Debug|Any CPU
		{20326E57-37AE-4D3B-90F8-2B396011F1C0}.Debug|Mixed Platforms.Build.0 = Debug|Any CPU
		{20326E57-37AE-4D3B-90F8-2B396011F1C0}.Debug|x64.ActiveCfg = Debug|Any CPU
		{20326E57-37AE-4D3B-90F8-2B396011F1C0}.Debug|x86.ActiveCfg = Debug|Any CPU
		{20326E57-37AE-4D3B-90F8-2B396011F1C0}.Release|Any CPU.ActiveCfg = Release|Any CPU
		{20326E57-37AE-4D3B-90F8-2B396011F1C0}.Release|Any CPU.Build.0 = Release|Any CPU
		{20326E57-37AE-4D3B-90F8-2B396011F1C0}.Release|Mixed Platforms.ActiveCfg = Release|Any CPU
		{20326E57-37AE-4D3B-90F8-2B396011F1C0}.Release|Mixed Platforms.Build.0 = Release|Any CPU
		{20326E57-37AE-4D3B-90F8-2B396011F1C0}.Release|x64.ActiveCfg = Release|Any CPU
		{20326E57-37AE-4D3B-90F8-2B396011F1C0}.Release|x86.ActiveCfg = Release|Any CPU
	EndGlobalSection
	GlobalSection(SolutionProperties) = preSolution
		HideSolutionNode = FALSE
	EndGlobalSection
EndGlobal
